
Microsoft Visual Studio Solution File, Format Version 12.00
# Visual Studio 14
VisualStudioVersion = 14.0.25420.1
MinimumVisualStudioVersion = 10.0.40219.1
Project("{FAE04EC0-301F-11D3-BF4B-00C04F79EFBC}") = "PocReportViewer", "PocReportViewer\PocReportViewer.csproj", "{94FAF967-B7BF-4C9A-B4CA-A4BD38B89A91}"
EndProject
Project("{FAE04EC0-301F-11D3-BF4B-00C04F79EFBC}") = "PocReportViewer.Repository", "Repository\PocReportViewer.Repository.csproj", "{8DB1D56E-D424-4CFD-9197-B5FA07D3FF6C}"
EndProject
Global
	GlobalSection(SolutionConfigurationPlatforms) = preSolution
		Debug|Any CPU = Debug|Any CPU
		Release|Any CPU = Release|Any CPU
	EndGlobalSection
	GlobalSection(ProjectConfigurationPlatforms) = postSolution
		{94FAF967-B7BF-4C9A-B4CA-A4BD38B89A91}.Debug|Any CPU.ActiveCfg = Debug|Any CPU
		{94FAF967-B7BF-4C9A-B4CA-A4BD38B89A91}.Debug|Any CPU.Build.0 = Debug|Any CPU
		{94FAF967-B7BF-4C9A-B4CA-A4BD38B89A91}.Release|Any CPU.ActiveCfg = Release|Any CPU
		{94FAF967-B7BF-4C9A-B4CA-A4BD38B89A91}.Release|Any CPU.Build.0 = Release|Any CPU
		{8DB1D56E-D424-4CFD-9197-B5FA07D3FF6C}.Debug|Any CPU.ActiveCfg = Debug|Any CPU
		{8DB1D56E-D424-4CFD-9197-B5FA07D3FF6C}.Debug|Any CPU.Build.0 = Debug|Any CPU
		{8DB1D56E-D424-4CFD-9197-B5FA07D3FF6C}.Release|Any CPU.ActiveCfg = Release|Any CPU
		{8DB1D56E-D424-4CFD-9197-B5FA07D3FF6C}.Release|Any CPU.Build.0 = Release|Any CPU
	EndGlobalSection
	GlobalSection(SolutionProperties) = preSolution
		HideSolutionNode = FALSE
	EndGlobalSection
EndGlobal
